<?xml version="1.0" encoding="utf-8"?>
<Project ToolsVersion="4.0" xmlns="http://schemas.microsoft.com/developer/msbuild/2003">
  <ItemGroup>
    <Filter Include="src">
      <UniqueIdentifier>{4FC737F1-C7A5-4376-A066-2A32D752A2FF}</UniqueIdentifier>
      <Extensions>cpp;c;cc;cxx;def;odl;idl;hpj;bat;asm;asmx</Extensions>
    </Filter>
    <Filter Include="src\hppFiles">
      <UniqueIdentifier>{e428c333-99cb-4968-bdf1-88fbbf9371d3}</UniqueIdentifier>
    </Filter>
    <Filter Include="src\headFiles">
      <UniqueIdentifier>{431f134d-f5b0-415f-96fa-b5ac35c9569b}</UniqueIdentifier>
    </Filter>
    <Filter Include="src\sourceFiles">
      <UniqueIdentifier>{4a3f4841-f125-4e41-8b06-495a8716fdab}</UniqueIdentifier>
    </Filter>
    <Filter Include="src\utils">
      <UniqueIdentifier>{a3df9583-5b88-47d6-81db-374eaa0cfa60}</UniqueIdentifier>
    </Filter>
    <Filter Include="src\ai">
      <UniqueIdentifier>{1e7f3356-d635-45de-8018-cf40dae32202}</UniqueIdentifier>
    </Filter>
  </ItemGroup>
  <ItemGroup>
    <ClInclude Include="..\src\ai\AutoFurikomu.hpp">
      <Filter>src\ai</Filter>
    </ClInclude>
    <ClInclude Include="..\src\Group.h">
      <Filter>src\headFiles</Filter>
    </ClInclude>
    <ClInclude Include="..\src\Algorithms.h">
      <Filter>src\headFiles</Filter>
    </ClInclude>
    <ClInclude Include="..\src\YakuChecker.h">
      <Filter>src\headFiles</Filter>
    </ClInclude>
    <ClInclude Include="..\src\Mountain.h">
      <Filter>src\headFiles</Filter>
    </ClInclude>
    <ClInclude Include="..\src\Single.h">
      <Filter>src\headFiles</Filter>
    </ClInclude>
    <ClInclude Include="..\src\Game.h">
      <Filter>src\headFiles</Filter>
    </ClInclude>
    <ClInclude Include="..\src\Rules.h">
      <Filter>src\headFiles</Filter>
    </ClInclude>
    <ClInclude Include="..\src\Yaku.h">
      <Filter>src\headFiles</Filter>
    </ClInclude>
    <ClInclude Include="..\src\ResultInspector.hpp">
      <Filter>src\hppFiles</Filter>
    </ClInclude>
    <ClInclude Include="..\src\utils\console.h">
      <Filter>src\utils</Filter>
    </ClInclude>
    <ClInclude Include="..\src\ai\Human.h">
      <Filter>src\ai</Filter>
    </ClInclude>
    <ClInclude Include="..\src\ai\Tester.h">
      <Filter>src\ai</Filter>
    </ClInclude>
    <ClInclude Include="..\src\ActionGenerator.hpp">
      <Filter>src\hppFiles</Filter>
    </ClInclude>
    <ClInclude Include="..\src\Player.h">
      <Filter>src\headFiles</Filter>
    </ClInclude>
    <ClInclude Include="..\src\BookManager.h">
      <Filter>src\headFiles</Filter>
    </ClInclude>
    <ClInclude Include="..\src\InformationStream.hpp">
      <Filter>src\hppFiles</Filter>
    </ClInclude>
    <ClInclude Include="..\src\ai\AI.h">
      <Filter>src\ai</Filter>
    </ClInclude>
  </ItemGroup>
  <ItemGroup>
    <ClCompile Include="..\src\YakuChecker.cpp">
      <Filter>src\sourceFiles</Filter>
    </ClCompile>
    <ClCompile Include="..\src\Algorithms.cpp">
      <Filter>src\sourceFiles</Filter>
    </ClCompile>
    <ClCompile Include="..\src\Mountain.cpp">
      <Filter>src\sourceFiles</Filter>
    </ClCompile>
    <ClCompile Include="..\src\Group.cpp">
      <Filter>src\sourceFiles</Filter>
    </ClCompile>
    <ClCompile Include="..\src\Single.cpp">
      <Filter>src\sourceFiles</Filter>
    </ClCompile>
    <ClCompile Include="..\src\Game.cpp">
      <Filter>src\sourceFiles</Filter>
    </ClCompile>
    <ClCompile Include="..\src\Rules.cpp">
      <Filter>src\sourceFiles</Filter>
    </ClCompile>
    <ClCompile Include="..\src\Yaku.cpp">
      <Filter>src\sourceFiles</Filter>
    </ClCompile>
    <ClCompile Include="..\src\main.cpp">
      <Filter>src</Filter>
    </ClCompile>
    <ClCompile Include="..\src\utils\console.cpp">
      <Filter>src\utils</Filter>
    </ClCompile>
    <ClCompile Include="..\src\ai\Human.cpp">
      <Filter>src\ai</Filter>
    </ClCompile>
    <ClCompile Include="..\src\ai\Tester.cpp">
      <Filter>src\ai</Filter>
    </ClCompile>
    <ClCompile Include="..\src\Player.cpp">
      <Filter>src\sourceFiles</Filter>
    </ClCompile>
    <ClCompile Include="..\src\BookManager.cpp">
      <Filter>src\sourceFiles</Filter>
    </ClCompile>
    <ClCompile Include="..\src\ai\AI.cpp">
      <Filter>src\ai</Filter>
    </ClCompile>
  </ItemGroup>
</Project>